
Microsoft Visual Studio Solution File, Format Version 12.00
# Visual Studio Version 16
VisualStudioVersion = 25.0.1703.6
MinimumVisualStudioVersion = 10.0.40219.1
Project("{FAE04EC0-301F-11D3-BF4B-00C04F79EFBC}") = "markdownConverterConsoleApp", "markdownConverterConsoleApp\markdownConverterConsoleApp.csproj", "{9C93C97D-2281-41DC-AEA6-1F2C7993F320}"
EndProject
Project("{FAE04EC0-301F-11D3-BF4B-00C04F79EFBC}") = "markdownConverterConsoleApp.Tests", "markdownConverterConsoleApp.Tests\markdownConverterConsoleApp.Tests.csproj", "{BA7B6B3B-A5B3-4BDB-8C63-75A09854F57D}"
EndProject
Global
	GlobalSection(SolutionConfigurationPlatforms) = preSolution
		Debug|Any CPU = Debug|Any CPU
		Release|Any CPU = Release|Any CPU
	EndGlobalSection
	GlobalSection(ProjectConfigurationPlatforms) = postSolution
		{9C93C97D-2281-41DC-AEA6-1F2C7993F320}.Debug|Any CPU.ActiveCfg = Debug|Any CPU
		{9C93C97D-2281-41DC-AEA6-1F2C7993F320}.Debug|Any CPU.Build.0 = Debug|Any CPU
		{9C93C97D-2281-41DC-AEA6-1F2C7993F320}.Release|Any CPU.ActiveCfg = Release|Any CPU
		{9C93C97D-2281-41DC-AEA6-1F2C7993F320}.Release|Any CPU.Build.0 = Release|Any CPU
		{BA7B6B3B-A5B3-4BDB-8C63-75A09854F57D}.Debug|Any CPU.ActiveCfg = Debug|Any CPU
		{BA7B6B3B-A5B3-4BDB-8C63-75A09854F57D}.Debug|Any CPU.Build.0 = Debug|Any CPU
		{BA7B6B3B-A5B3-4BDB-8C63-75A09854F57D}.Release|Any CPU.ActiveCfg = Release|Any CPU
		{BA7B6B3B-A5B3-4BDB-8C63-75A09854F57D}.Release|Any CPU.Build.0 = Release|Any CPU
	EndGlobalSection
	GlobalSection(SolutionProperties) = preSolution
		HideSolutionNode = FALSE
	EndGlobalSection
	GlobalSection(ExtensibilityGlobals) = postSolution
		SolutionGuid = {733BB768-51BD-4C2F-B927-E8FD703D11A5}
	EndGlobalSection
EndGlobal
